
Microsoft Visual Studio Solution File, Format Version 12.00
# Visual Studio Version 16
VisualStudioVersion = 16.0.29006.145
MinimumVisualStudioVersion = 10.0.40219.1
Project("{FAE04EC0-301F-11D3-BF4B-00C04F79EFBC}") = "SorteioDevCamp.Blazor", "SorteioDevCamp.Blazor\SorteioDevCamp.Blazor.csproj", "{280A5D4C-A2BB-41B8-B8C6-B9523C1B8C6C}"
EndProject
Project("{FAE04EC0-301F-11D3-BF4B-00C04F79EFBC}") = "SorteioDevCamp.gRPC", "SorteioDevCamp.gRPC\SorteioDevCamp.gRPC.csproj", "{7BEEF488-6B22-4E23-98DD-172D92095788}"
EndProject
Global
	GlobalSection(SolutionConfigurationPlatforms) = preSolution
		Debug|Any CPU = Debug|Any CPU
		Release|Any CPU = Release|Any CPU
	EndGlobalSection
	GlobalSection(ProjectConfigurationPlatforms) = postSolution
		{280A5D4C-A2BB-41B8-B8C6-B9523C1B8C6C}.Debug|Any CPU.ActiveCfg = Debug|Any CPU
		{280A5D4C-A2BB-41B8-B8C6-B9523C1B8C6C}.Debug|Any CPU.Build.0 = Debug|Any CPU
		{280A5D4C-A2BB-41B8-B8C6-B9523C1B8C6C}.Release|Any CPU.ActiveCfg = Release|Any CPU
		{280A5D4C-A2BB-41B8-B8C6-B9523C1B8C6C}.Release|Any CPU.Build.0 = Release|Any CPU
		{7BEEF488-6B22-4E23-98DD-172D92095788}.Debug|Any CPU.ActiveCfg = Debug|Any CPU
		{7BEEF488-6B22-4E23-98DD-172D92095788}.Debug|Any CPU.Build.0 = Debug|Any CPU
		{7BEEF488-6B22-4E23-98DD-172D92095788}.Release|Any CPU.ActiveCfg = Release|Any CPU
		{7BEEF488-6B22-4E23-98DD-172D92095788}.Release|Any CPU.Build.0 = Release|Any CPU
	EndGlobalSection
	GlobalSection(SolutionProperties) = preSolution
		HideSolutionNode = FALSE
	EndGlobalSection
	GlobalSection(ExtensibilityGlobals) = postSolution
		SolutionGuid = {DF469C9B-08BD-4DAB-B6AF-615CC2041C57}
	EndGlobalSection
EndGlobal
